
Microsoft Visual Studio Solution File, Format Version 11.00
# Visual Studio 2010
Project("{8BC9CEB8-8B4A-11D0-8D11-00A0C91BC942}") = "Mid_Term_Kaili_Lu", "Mid_Term_Kaili_Lu.vcxproj", "{E732A6D5-8454-480F-B0DF-248B702E2BFA}"
EndProject
Global
	GlobalSection(SolutionConfigurationPlatforms) = preSolution
		Debug|Win32 = Debug|Win32
		Release|Win32 = Release|Win32
	EndGlobalSection
	GlobalSection(ProjectConfigurationPlatforms) = postSolution
		{E732A6D5-8454-480F-B0DF-248B702E2BFA}.Debug|Win32.ActiveCfg = Debug|Win32
		{E732A6D5-8454-480F-B0DF-248B702E2BFA}.Debug|Win32.Build.0 = Debug|Win32
		{E732A6D5-8454-480F-B0DF-248B702E2BFA}.Release|Win32.ActiveCfg = Release|Win32
		{E732A6D5-8454-480F-B0DF-248B702E2BFA}.Release|Win32.Build.0 = Release|Win32
	EndGlobalSection
	GlobalSection(SolutionProperties) = preSolution
		HideSolutionNode = FALSE
	EndGlobalSection
EndGlobal
