
Microsoft Visual Studio Solution File, Format Version 11.00
# Visual Studio 2010
Project("{8BC9CEB8-8B4A-11D0-8D11-00A0C91BC942}") = "mySwap", "mySwap.vcxproj", "{59F49AE4-CA2A-4856-832B-52DBC501B989}"
EndProject
Global
	GlobalSection(SolutionConfigurationPlatforms) = preSolution
		Debug|Win32 = Debug|Win32
		Release|Win32 = Release|Win32
	EndGlobalSection
	GlobalSection(ProjectConfigurationPlatforms) = postSolution
		{59F49AE4-CA2A-4856-832B-52DBC501B989}.Debug|Win32.ActiveCfg = Debug|Win32
		{59F49AE4-CA2A-4856-832B-52DBC501B989}.Debug|Win32.Build.0 = Debug|Win32
		{59F49AE4-CA2A-4856-832B-52DBC501B989}.Release|Win32.ActiveCfg = Release|Win32
		{59F49AE4-CA2A-4856-832B-52DBC501B989}.Release|Win32.Build.0 = Release|Win32
	EndGlobalSection
	GlobalSection(SolutionProperties) = preSolution
		HideSolutionNode = FALSE
	EndGlobalSection
EndGlobal
